github.com/hashicorp/yamux v0.1.1 h1:yrQxtgseBDrq9Y652vSRDvsKCJKOUD+GzTS4Y0Y8pvE=
github.com/hashicorp/yamux v0.1.1/go.mod h1:CtWFDAQgb7dxtzFs4tWbplKIe2jSi3+5vKbgIO0SLnQ=
github.com/zeebo/assert v1.3.0 h1:g7C04CbJuIDKNPFHmsk4hwZDO5O+kntRxzaUoNXj+IQ=
github.com/zeebo/errs v1.2.2 h1:5NFypMTuSdoySVTqlNs1dEoU21QVamMQJxW/Fii5O7g=
github.com/zeebo/errs v1.2.2/go.mod h1:sgbWHsvVuTPHcqJJGQ1WhI5KbWlHYz+2+2C/LSEtCw4=
storj.io/drpc v0.0.32 h1:5p5ZwsK/VOgapaCu+oxaPVwO6UwIs+iwdMiD50+R4PI=
storj.io/drpc v0.0.32/go.mod h1:6rcOyR/QQkSTX/9L5ZGtlZaE2PtXTTZl8d+ulSeeYEg=
